// !$*UTF8*$!
{
	archiveVersion = 1;
	classes = {
	};
	objectVersion = 56;
	objects = {

/* Begin PBXBuildFile section */
		6CD2BC5E294876DF0000C5F1 /* AppDelegate.m in Sources */ = {isa = PBXBuildFile; fileRef = 6CD2BC5D294876DF0000C5F1 /* AppDelegate.m */; };
		6CD2BC61294876DF0000C5F1 /* SceneDelegate.m in Sources */ = {isa = PBXBuildFile; fileRef = 6CD2BC60294876DF0000C5F1 /* SceneDelegate.m */; };
		6CD2BC64294876DF0000C5F1 /* ViewController.m in Sources */ = {isa = PBXBuildFile; fileRef = 6CD2BC63294876DF0000C5F1 /* ViewController.m */; };
		6CD2BC67294876DF0000C5F1 /* Main.storyboard in Resources */ = {isa = PBXBuildFile; fileRef = 6CD2BC65294876DF0000C5F1 /* Main.storyboard */; };
		6CD2BC6A294876DF0000C5F1 /* Demo.xcdatamodeld in Sources */ = {isa = PBXBuildFile; fileRef = 6CD2BC68294876DF0000C5F1 /* Demo.xcdatamodeld */; };
		6CD2BC6C294876E10000C5F1 /* Assets.xcassets in Resources */ = {isa = PBXBuildFile; fileRef = 6CD2BC6B294876E10000C5F1 /* Assets.xcassets */; };
		6CD2BC6F294876E10000C5F1 /* LaunchScreen.storyboard in Resources */ = {isa = PBXBuildFile; fileRef = 6CD2BC6D294876E10000C5F1 /* LaunchScreen.storyboard */; };
		6CD2BC72294876E10000C5F1 /* main.m in Sources */ = {isa = PBXBuildFile; fileRef = 6CD2BC71294876E10000C5F1 /* main.m */; };
		6CD2BC7C294876E10000C5F1 /* DemoTests.m in Sources */ = {isa = PBXBuildFile; fileRef = 6CD2BC7B294876E10000C5F1 /* DemoTests.m */; };
		6CD2BC86294876E10000C5F1 /* DemoUITests.m in Sources */ = {isa = PBXBuildFile; fileRef = 6CD2BC85294876E10000C5F1 /* DemoUITests.m */; };
		6CD2BC88294876E10000C5F1 /* DemoUITestsLaunchTests.m in Sources */ = {isa = PBXBuildFile; fileRef = 6CD2BC87294876E10000C5F1 /* DemoUITestsLaunchTests.m */; };
/* End PBXBuildFile section */

/* Begin PBXContainerItemProxy section */
		6CD2BC78294876E10000C5F1 /* PBXContainerItemProxy */ = {
			isa = PBXContainerItemProxy;
			containerPortal = 6CD2BC51294876DF0000C5F1 /* Project object */;
			proxyType = 1;
			remoteGlobalIDString = 6CD2BC58294876DF0000C5F1;
			remoteInfo = Demo;
		};
		6CD2BC82294876E10000C5F1 /* PBXContainerItemProxy */ = {
			isa = PBXContainerItemProxy;
			containerPortal = 6CD2BC51294876DF0000C5F1 /* Project object */;
			proxyType = 1;
			remoteGlobalIDString = 6CD2BC58294876DF0000C5F1;
			remoteInfo = Demo;
		};
/* End PBXContainerItemProxy section */

/* Begin PBXFileReference section */
		6CD2BC59294876DF0000C5F1 /* Demo.app */ = {isa = PBXFileReference; explicitFileType = wrapper.application; includeInIndex = 0; path = Demo.app; sourceTree = BUILT_PRODUCTS_DIR; };
		6CD2BC5C294876DF0000C5F1 /* AppDelegate.h */ = {isa = PBXFileReference; lastKnownFileType = sourcecode.c.h; path = AppDelegate.h; sourceTree = "<group>"; };
		6CD2BC5D294876DF0000C5F1 /* AppDelegate.m */ = {isa = PBXFileReference; lastKnownFileType = sourcecode.c.objc; path = AppDelegate.m; sourceTree = "<group>"; };
		6CD2BC5F294876DF0000C5F1 /* SceneDelegate.h */ = {isa = PBXFileReference; lastKnownFileType = sourcecode.c.h; path = SceneDelegate.h; sourceTree = "<group>"; };
		6CD2BC60294876DF0000C5F1 /* SceneDelegate.m */ = {isa = PBXFileReference; lastKnownFileType = sourcecode.c.objc; path = SceneDelegate.m; sourceTree = "<group>"; };
		6CD2BC62294876DF0000C5F1 /* ViewController.h */ = {isa = PBXFileReference; lastKnownFileType = sourcecode.c.h; path = ViewController.h; sourceTree = "<group>"; };
		6CD2BC63294876DF0000C5F1 /* ViewController.m */ = {isa = PBXFileReference; lastKnownFileType = sourcecode.c.objc; path = ViewController.m; sourceTree = "<group>"; };
		6CD2BC66294876DF0000C5F1 /* Base */ = {isa = PBXFileReference; lastKnownFileType = file.storyboard; name = Base; path = Base.lproj/Main.storyboard; sourceTree = "<group>"; };
		6CD2BC69294876DF0000C5F1 /* Demo.xcdatamodel */ = {isa = PBXFileReference; lastKnownFileType = wrapper.xcdatamodel; path = Demo.xcdatamodel; sourceTree = "<group>"; };
		6CD2BC6B294876E10000C5F1 /* Assets.xcassets */ = {isa = PBXFileReference; lastKnownFileType = folder.assetcatalog; path = Assets.xcassets; sourceTree = "<group>"; };
		6CD2BC6E294876E10000C5F1 /* Base */ = {isa = PBXFileReference; lastKnownFileType = file.storyboard; name = Base; path = Base.lproj/LaunchScreen.storyboard; sourceTree = "<group>"; };
		6CD2BC70294876E10000C5F1 /* Info.plist */ = {isa = PBXFileReference; lastKnownFileType = text.plist.xml; path = Info.plist; sourceTree = "<group>"; };
		6CD2BC71294876E10000C5F1 /* main.m */ = {isa = PBXFileReference; lastKnownFileType = sourcecode.c.objc; path = main.m; sourceTree = "<group>"; };
		6CD2BC77294876E10000C5F1 /* DemoTests.xctest */ = {isa = PBXFileReference; explicitFileType = wrapper.cfbundle; includeInIndex = 0; path = DemoTests.xctest; sourceTree = BUILT_PRODUCTS_DIR; };
		6CD2BC7B294876E10000C5F1 /* DemoTests.m */ = {isa = PBXFileReference; lastKnownFileType = sourcecode.c.objc; path = DemoTests.m; sourceTree = "<group>"; };
		6CD2BC81294876E10000C5F1 /* DemoUITests.xctest */ = {isa = PBXFileReference; explicitFileType = wrapper.cfbundle; includeInIndex = 0; path = DemoUITests.xctest; sourceTree = BUILT_PRODUCTS_DIR; };
		6CD2BC85294876E10000C5F1 /* DemoUITests.m */ = {isa = PBXFileReference; lastKnownFileType = sourcecode.c.objc; path = DemoUITests.m; sourceTree = "<group>"; };
		6CD2BC87294876E10000C5F1 /* DemoUITestsLaunchTests.m */ = {isa = PBXFileReference; lastKnownFileType = sourcecode.c.objc; path = DemoUITestsLaunchTests.m; sourceTree = "<group>"; };
/* End PBXFileReference section */

/* Begin PBXFrameworksBuildPhase section */
		6CD2BC56294876DF0000C5F1 /* Frameworks */ = {
			isa = PBXFrameworksBuildPhase;
			buildActionMask = 2147483647;
			files = (
			);
			runOnlyForDeploymentPostprocessing = 0;
		};
		6CD2BC74294876E10000C5F1 /* Frameworks */ = {
			isa = PBXFrameworksBuildPhase;
			buildActionMask = 2147483647;
			files = (
			);
			runOnlyForDeploymentPostprocessing = 0;
		};
		6CD2BC7E294876E10000C5F1 /* Frameworks */ = {
			isa = PBXFrameworksBuildPhase;
			buildActionMask = 2147483647;
			files = (
			);
			runOnlyForDeploymentPostprocessing = 0;
		};
/* End PBXFrameworksBuildPhase section */

/* Begin PBXGroup section */
		6CD2BC50294876DF0000C5F1 = {
			isa = PBXGroup;
			children = (
				6CD2BC5B294876DF0000C5F1 /* Demo */,
				6CD2BC7A294876E10000C5F1 /* DemoTests */,
				6CD2BC84294876E10000C5F1 /* DemoUITests */,
				6CD2BC5A294876DF0000C5F1 /* Products */,
			);
			sourceTree = "<group>";
		};
		6CD2BC5A294876DF0000C5F1 /* Products */ = {
			isa = PBXGroup;
			children = (
				6CD2BC59294876DF0000C5F1 /* Demo.app */,
				6CD2BC77294876E10000C5F1 /* DemoTests.xctest */,
				6CD2BC81294876E10000C5F1 /* DemoUITests.xctest */,
			);
			name = Products;
			sourceTree = "<group>";
		};
		6CD2BC5B294876DF0000C5F1 /* Demo */ = {
			isa = PBXGroup;
			children = (
				6CD2BC5C294876DF0000C5F1 /* AppDelegate.h */,
				6CD2BC5D294876DF0000C5F1 /* AppDelegate.m */,
				6CD2BC5F294876DF0000C5F1 /* SceneDelegate.h */,
				6CD2BC60294876DF0000C5F1 /* SceneDelegate.m */,
				6CD2BC62294876DF0000C5F1 /* ViewController.h */,
				6CD2BC63294876DF0000C5F1 /* ViewController.m */,
				6CD2BC65294876DF0000C5F1 /* Main.storyboard */,
				6CD2BC6B294876E10000C5F1 /* Assets.xcassets */,
				6CD2BC6D294876E10000C5F1 /* LaunchScreen.storyboard */,
				6CD2BC70294876E10000C5F1 /* Info.plist */,
				6CD2BC71294876E10000C5F1 /* main.m */,
				6CD2BC68294876DF0000C5F1 /* Demo.xcdatamodeld */,
			);
			path = Demo;
			sourceTree = "<group>";
		};
		6CD2BC7A294876E10000C5F1 /* DemoTests */ = {
			isa = PBXGroup;
			children = (
				6CD2BC7B294876E10000C5F1 /* DemoTests.m */,
			);
			path = DemoTests;
			sourceTree = "<group>";
		};
		6CD2BC84294876E10000C5F1 /* DemoUITests */ = {
			isa = PBXGroup;
			children = (
				6CD2BC85294876E10000C5F1 /* DemoUITests.m */,
				6CD2BC87294876E10000C5F1 /* DemoUITestsLaunchTests.m */,
			);
			path = DemoUITests;
			sourceTree = "<group>";
		};
/* End PBXGroup section */

/* Begin PBXNativeTarget section */
		6CD2BC58294876DF0000C5F1 /* Demo */ = {
			isa = PBXNativeTarget;
			buildConfigurationList = 6CD2BC8B294876E10000C5F1 /* Build configuration list for PBXNativeTarget "Demo" */;
			buildPhases = (
				6CD2BC55294876DF0000C5F1 /* Sources */,
				6CD2BC56294876DF0000C5F1 /* Frameworks */,
				6CD2BC57294876DF0000C5F1 /* Resources */,
			);
			buildRules = (
			);
			dependencies = (
			);
			name = Demo;
			productName = Demo;
			productReference = 6CD2BC59294876DF0000C5F1 /* Demo.app */;
			productType = "com.apple.product-type.application";
		};
		6CD2BC76294876E10000C5F1 /* DemoTests */ = {
			isa = PBXNativeTarget;
			buildConfigurationList = 6CD2BC8E294876E10000C5F1 /* Build configuration list for PBXNativeTarget "DemoTests" */;
			buildPhases = (
				6CD2BC73294876E10000C5F1 /* Sources */,
				6CD2BC74294876E10000C5F1 /* Frameworks */,
				6CD2BC75294876E10000C5F1 /* Resources */,
			);
			buildRules = (
			);
			dependencies = (
				6CD2BC79294876E10000C5F1 /* PBXTargetDependency */,
			);
			name = DemoTests;
			productName = DemoTests;
			productReference = 6CD2BC77294876E10000C5F1 /* DemoTests.xctest */;
			productType = "com.apple.product-type.bundle.unit-test";
		};
		6CD2BC80294876E10000C5F1 /* DemoUITests */ = {
			isa = PBXNativeTarget;
			buildConfigurationList = 6CD2BC91294876E10000C5F1 /* Build configuration list for PBXNativeTarget "DemoUITests" */;
			buildPhases = (
				6CD2BC7D294876E10000C5F1 /* Sources */,
				6CD2BC7E294876E10000C5F1 /* Frameworks */,
				6CD2BC7F294876E10000C5F1 /* Resources */,
			);
			buildRules = (
			);
			dependencies = (
				6CD2BC83294876E10000C5F1 /* PBXTargetDependency */,
			);
			name = DemoUITests;
			productName = DemoUITests;
			productReference = 6CD2BC81294876E10000C5F1 /* DemoUITests.xctest */;
			productType = "com.apple.product-type.bundle.ui-testing";
		};
/* End PBXNativeTarget section */

/* Begin PBXProject section */
		6CD2BC51294876DF0000C5F1 /* Project object */ = {
			isa = PBXProject;
			attributes = {
				BuildIndependentTargetsInParallel = 1;
				LastUpgradeCheck = 1410;
				TargetAttributes = {
					6CD2BC58294876DF0000C5F1 = {
						CreatedOnToolsVersion = 14.1;
					};
					6CD2BC76294876E10000C5F1 = {
						CreatedOnToolsVersion = 14.1;
						TestTargetID = 6CD2BC58294876DF0000C5F1;
					};
					6CD2BC80294876E10000C5F1 = {
						CreatedOnToolsVersion = 14.1;
						TestTargetID = 6CD2BC58294876DF0000C5F1;
					};
				};
			};
			buildConfigurationList = 6CD2BC54294876DF0000C5F1 /* Build configuration list for PBXProject "Demo" */;
			compatibilityVersion = "Xcode 14.0";
			developmentRegion = en;
			hasScannedForEncodings = 0;
			knownRegions = (
				en,
				Base,
			);
			mainGroup = 6CD2BC50294876DF0000C5F1;
			productRefGroup = 6CD2BC5A294876DF0000C5F1 /* Products */;
			projectDirPath = "";
			projectRoot = "";
			targets = (
				6CD2BC58294876DF0000C5F1 /* Demo */,
				6CD2BC76294876E10000C5F1 /* DemoTests */,
				6CD2BC80294876E10000C5F1 /* DemoUITests */,
			);
		};
/* End PBXProject section */

/* Begin PBXResourcesBuildPhase section */
		6CD2BC57294876DF0000C5F1 /* Resources */ = {
			isa = PBXResourcesBuildPhase;
			buildActionMask = 2147483647;
			files = (
				6CD2BC6F294876E10000C5F1 /* LaunchScreen.storyboard in Resources */,
				6CD2BC6C294876E10000C5F1 /* Assets.xcassets in Resources */,
				6CD2BC67294876DF0000C5F1 /* Main.storyboard in Resources */,
			);
			runOnlyForDeploymentPostprocessing = 0;
		};
		6CD2BC75294876E10000C5F1 /* Resources */ = {
			isa = PBXResourcesBuildPhase;
			buildActionMask = 2147483647;
			files = (
			);
			runOnlyForDeploymentPostprocessing = 0;
		};
		6CD2BC7F294876E10000C5F1 /* Resources */ = {
			isa = PBXResourcesBuildPhase;
			buildActionMask = 2147483647;
			files = (
			);
			runOnlyForDeploymentPostprocessing = 0;
		};
/* End PBXResourcesBuildPhase section */

/* Begin PBXSourcesBuildPhase section */
		6CD2BC55294876DF0000C5F1 /* Sources */ = {
			isa = PBXSourcesBuildPhase;
			buildActionMask = 2147483647;
			files = (
				6CD2BC72294876E10000C5F1 /* main.m in Sources */,
				6CD2BC64294876DF0000C5F1 /* ViewController.m in Sources */,
				6CD2BC5E294876DF0000C5F1 /* AppDelegate.m in Sources */,
				6CD2BC6A294876DF0000C5F1 /* Demo.xcdatamodeld in Sources */,
				6CD2BC61294876DF0000C5F1 /* SceneDelegate.m in Sources */,
			);
			runOnlyForDeploymentPostprocessing = 0;
		};
		6CD2BC73294876E10000C5F1 /* Sources */ = {
			isa = PBXSourcesBuildPhase;
			buildActionMask = 2147483647;
			files = (
				6CD2BC7C294876E10000C5F1 /* DemoTests.m in Sources */,
			);
			runOnlyForDeploymentPostprocessing = 0;
		};
		6CD2BC7D294876E10000C5F1 /* Sources */ = {
			isa = PBXSourcesBuildPhase;
			buildActionMask = 2147483647;
			files = (
				6CD2BC86294876E10000C5F1 /* DemoUITests.m in Sources */,
				6CD2BC88294876E10000C5F1 /* DemoUITestsLaunchTests.m in Sources */,
			);
			runOnlyForDeploymentPostprocessing = 0;
		};
/* End PBXSourcesBuildPhase section */

/* Begin PBXTargetDependency section */
		6CD2BC79294876E10000C5F1 /* PBXTargetDependency */ = {
			isa = PBXTargetDependency;
			target = 6CD2BC58294876DF0000C5F1 /* Demo */;
			targetProxy = 6CD2BC78294876E10000C5F1 /* PBXContainerItemProxy */;
		};
		6CD2BC83294876E10000C5F1 /* PBXTargetDependency */ = {
			isa = PBXTargetDependency;
			target = 6CD2BC58294876DF0000C5F1 /* Demo */;
			targetProxy = 6CD2BC82294876E10000C5F1 /* PBXContainerItemProxy */;
		};
/* End PBXTargetDependency section */

/* Begin PBXVariantGroup section */
		6CD2BC65294876DF0000C5F1 /* Main.storyboard */ = {
			isa = PBXVariantGroup;
			children = (
				6CD2BC66294876DF0000C5F1 /* Base */,
			);
			name = Main.storyboard;
			sourceTree = "<group>";
		};
		6CD2BC6D294876E10000C5F1 /* LaunchScreen.storyboard */ = {
			isa = PBXVariantGroup;
			children = (
				6CD2BC6E294876E10000C5F1 /* Base */,
			);
			name = LaunchScreen.storyboard;
			sourceTree = "<group>";
		};
/* End PBXVariantGroup section */

/* Begin XCBuildConfiguration section */
		6CD2BC89294876E10000C5F1 /* Debug */ = {
			isa = XCBuildConfiguration;
			buildSettings = {
				ALWAYS_SEARCH_USER_PATHS = NO;
				CLANG_ANALYZER_NONNULL = YES;
				CLANG_ANALYZER_NUMBER_OBJECT_CONVERSION = YES_AGGRESSIVE;
				CLANG_CXX_LANGUAGE_STANDARD = "gnu++20";
				CLANG_ENABLE_MODULES = YES;
				CLANG_ENABLE_OBJC_ARC = YES;
				CLANG_ENABLE_OBJC_WEAK = YES;
				CLANG_WARN_BLOCK_CAPTURE_AUTORELEASING = YES;
				CLANG_WARN_BOOL_CONVERSION = YES;
				CLANG_WARN_COMMA = YES;
				CLANG_WARN_CONSTANT_CONVERSION = YES;
				CLANG_WARN_DEPRECATED_OBJC_IMPLEMENTATIONS = YES;
				CLANG_WARN_DIRECT_OBJC_ISA_USAGE = YES_ERROR;
				CLANG_WARN_DOCUMENTATION_COMMENTS = YES;
				CLANG_WARN_EMPTY_BODY = YES;
				CLANG_WARN_ENUM_CONVERSION = YES;
				CLANG_WARN_INFINITE_RECURSION = YES;
				CLANG_WARN_INT_CONVERSION = YES;
				CLANG_WARN_NON_LITERAL_NULL_CONVERSION = YES;
				CLANG_WARN_OBJC_IMPLICIT_RETAIN_SELF = YES;
				CLANG_WARN_OBJC_LITERAL_CONVERSION = YES;
				CLANG_WARN_OBJC_ROOT_CLASS = YES_ERROR;
				CLANG_WARN_QUOTED_INCLUDE_IN_FRAMEWORK_HEADER = YES;
				CLANG_WARN_RANGE_LOOP_ANALYSIS = YES;
				CLANG_WARN_STRICT_PROTOTYPES = YES;
				CLANG_WARN_SUSPICIOUS_MOVE = YES;
				CLANG_WARN_UNGUARDED_AVAILABILITY = YES_AGGRESSIVE;
				CLANG_WARN_UNREACHABLE_CODE = YES;
				CLANG_WARN__DUPLICATE_METHOD_MATCH = YES;
				COPY_PHASE_STRIP = NO;
				DEBUG_INFORMATION_FORMAT = dwarf;
				ENABLE_STRICT_OBJC_MSGSEND = YES;
				ENABLE_TESTABILITY = YES;
				GCC_C_LANGUAGE_STANDARD = gnu11;
				GCC_DYNAMIC_NO_PIC = NO;
				GCC_NO_COMMON_BLOCKS = YES;
				GCC_OPTIMIZATION_LEVEL = 0;
				GCC_PREPROCESSOR_DEFINITIONS = (
					"DEBUG=1",
					"$(inherited)",
				);
				GCC_WARN_64_TO_32_BIT_CONVERSION = YES;
				GCC_WARN_ABOUT_RETURN_TYPE = YES_ERROR;
				GCC_WARN_UNDECLARED_SELECTOR = YES;
				GCC_WARN_UNINITIALIZED_AUTOS = YES_AGGRESSIVE;
				GCC_WARN_UNUSED_FUNCTION = YES;
				GCC_WARN_UNUSED_VARIABLE = YES;
				IPHONEOS_DEPLOYMENT_TARGET = 16.1;
				MTL_ENABLE_DEBUG_INFO = INCLUDE_SOURCE;
				MTL_FAST_MATH = YES;
				ONLY_ACTIVE_ARCH = YES;
				SDKROOT = iphoneos;
			};
			name = Debug;
		};
		6CD2BC8A294876E10000C5F1 /* Release */ = {
			isa = XCBuildConfiguration;
			buildSettings = {
				ALWAYS_SEARCH_USER_PATHS = NO;
				CLANG_ANALYZER_NONNULL = YES;
				CLANG_ANALYZER_NUMBER_OBJECT_CONVERSION = YES_AGGRESSIVE;
				CLANG_CXX_LANGUAGE_STANDARD = "gnu++20";
				CLANG_ENABLE_MODULES = YES;
				CLANG_ENABLE_OBJC_ARC = YES;
				CLANG_ENABLE_OBJC_WEAK = YES;
				CLANG_WARN_BLOCK_CAPTURE_AUTORELEASING = YES;
				CLANG_WARN_BOOL_CONVERSION = YES;
				CLANG_WARN_COMMA = YES;
				CLANG_WARN_CONSTANT_CONVERSION = YES;
				CLANG_WARN_DEPRECATED_OBJC_IMPLEMENTATIONS = YES;
				CLANG_WARN_DIRECT_OBJC_ISA_USAGE = YES_ERROR;
				CLANG_WARN_DOCUMENTATION_COMMENTS = YES;
				CLANG_WARN_EMPTY_BODY = YES;
				CLANG_WARN_ENUM_CONVERSION = YES;
				CLANG_WARN_INFINITE_RECURSION = YES;
				CLANG_WARN_INT_CONVERSION = YES;
				CLANG_WARN_NON_LITERAL_NULL_CONVERSION = YES;
				CLANG_WARN_OBJC_IMPLICIT_RETAIN_SELF = YES;
				CLANG_WARN_OBJC_LITERAL_CONVERSION = YES;
				CLANG_WARN_OBJC_ROOT_CLASS = YES_ERROR;
				CLANG_WARN_QUOTED_INCLUDE_IN_FRAMEWORK_HEADER = YES;
				CLANG_WARN_RANGE_LOOP_ANALYSIS = YES;
				CLANG_WARN_STRICT_PROTOTYPES = YES;
				CLANG_WARN_SUSPICIOUS_MOVE = YES;
				CLANG_WARN_UNGUARDED_AVAILABILITY = YES_AGGRESSIVE;
				CLANG_WARN_UNREACHABLE_CODE = YES;
				CLANG_WARN__DUPLICATE_METHOD_MATCH = YES;
				COPY_PHASE_STRIP = NO;
				DEBUG_INFORMATION_FORMAT = "dwarf-with-dsym";
				ENABLE_NS_ASSERTIONS = NO;
				ENABLE_STRICT_OBJC_MSGSEND = YES;
				GCC_C_LANGUAGE_STANDARD = gnu11;
				GCC_NO_COMMON_BLOCKS = YES;
				GCC_WARN_64_TO_32_BIT_CONVERSION = YES;
				GCC_WARN_ABOUT_RETURN_TYPE = YES_ERROR;
				GCC_WARN_UNDECLARED_SELECTOR = YES;
				GCC_WARN_UNINITIALIZED_AUTOS = YES_AGGRESSIVE;
				GCC_WARN_UNUSED_FUNCTION = YES;
				GCC_WARN_UNUSED_VARIABLE = YES;
				IPHONEOS_DEPLOYMENT_TARGET = 16.1;
				MTL_ENABLE_DEBUG_INFO = NO;
				MTL_FAST_MATH = YES;
				SDKROOT = iphoneos;
				VALIDATE_PRODUCT = YES;
			};
			name = Release;
		};
		6CD2BC8C294876E10000C5F1 /* Debug */ = {
			isa = XCBuildConfiguration;
			buildSettings = {
				ASSETCATALOG_COMPILER_APPICON_NAME = AppIcon;
				ASSETCATALOG_COMPILER_GLOBAL_ACCENT_COLOR_NAME = AccentColor;
				CODE_SIGN_STYLE = Automatic;
				CURRENT_PROJECT_VERSION = 1;
				DEVELOPMENT_TEAM = CWL44R3T9X;
				GENERATE_INFOPLIST_FILE = YES;
				INFOPLIST_FILE = Demo/Info.plist;
				INFOPLIST_KEY_UIApplicationSupportsIndirectInputEvents = YES;
				INFOPLIST_KEY_UILaunchStoryboardName = LaunchScreen;
				INFOPLIST_KEY_UIMainStoryboardFile = Main;
				INFOPLIST_KEY_UISupportedInterfaceOrientations_iPad = "UIInterfaceOrientationPortrait UIInterfaceOrientationPortraitUpsideDown UIInterfaceOrientationLandscapeLeft UIInterfaceOrientationLandscapeRight";
				INFOPLIST_KEY_UISupportedInterfaceOrientations_iPhone = "UIInterfaceOrientationPortrait UIInterfaceOrientationLandscapeLeft UIInterfaceOrientationLandscapeRight";
				LD_RUNPATH_SEARCH_PATHS = (
					"$(inherited)",
					"@executable_path/Frameworks",
				);
				MARKETING_VERSION = 1.0;
				PRODUCT_BUNDLE_IDENTIFIER = com.bby.Demo;
				PRODUCT_NAME = "$(TARGET_NAME)";
				SWIFT_EMIT_LOC_STRINGS = YES;
				TARGETED_DEVICE_FAMILY = "1,2";
			};
			name = Debug;
		};
		6CD2BC8D294876E10000C5F1 /* Release */ = {
			isa = XCBuildConfiguration;
			buildSettings = {
				ASSETCATALOG_COMPILER_APPICON_NAME = AppIcon;
				ASSETCATALOG_COMPILER_GLOBAL_ACCENT_COLOR_NAME = AccentColor;
				CODE_SIGN_STYLE = Automatic;
				CURRENT_PROJECT_VERSION = 1;
				DEVELOPMENT_TEAM = CWL44R3T9X;
				GENERATE_INFOPLIST_FILE = YES;
				INFOPLIST_FILE = Demo/Info.plist;
				INFOPLIST_KEY_UIApplicationSupportsIndirectInputEvents = YES;
				INFOPLIST_KEY_UILaunchStoryboardName = LaunchScreen;
				INFOPLIST_KEY_UIMainStoryboardFile = Main;
				INFOPLIST_KEY_UISupportedInterfaceOrientations_iPad = "UIInterfaceOrientationPortrait UIInterfaceOrientationPortraitUpsideDown UIInterfaceOrientationLandscapeLeft UIInterfaceOrientationLandscapeRight";
				INFOPLIST_KEY_UISupportedInterfaceOrientations_iPhone = "UIInterfaceOrientationPortrait UIInterfaceOrientationLandscapeLeft UIInterfaceOrientationLandscapeRight";
				LD_RUNPATH_SEARCH_PATHS = (
					"$(inherited)",
					"@executable_path/Frameworks",
				);
				MARKETING_VERSION = 1.0;
				PRODUCT_BUNDLE_IDENTIFIER = com.bby.Demo;
				PRODUCT_NAME = "$(TARGET_NAME)";
				SWIFT_EMIT_LOC_STRINGS = YES;
				TARGETED_DEVICE_FAMILY = "1,2";
			};
			name = Release;
		};
		6CD2BC8F294876E10000C5F1 /* Debug */ = {
			isa = XCBuildConfiguration;
			buildSettings = {
				BUNDLE_LOADER = "$(TEST_HOST)";
				CODE_SIGN_STYLE = Automatic;
				CURRENT_PROJECT_VERSION = 1;
				DEVELOPMENT_TEAM = CWL44R3T9X;
				GENERATE_INFOPLIST_FILE = YES;
				IPHONEOS_DEPLOYMENT_TARGET = 16.1;
				MARKETING_VERSION = 1.0;
				PRODUCT_BUNDLE_IDENTIFIER = com.bby.DemoTests;
				PRODUCT_NAME = "$(TARGET_NAME)";
				SWIFT_EMIT_LOC_STRINGS = NO;
				TARGETED_DEVICE_FAMILY = "1,2";
				TEST_HOST = "$(BUILT_PRODUCTS_DIR)/Demo.app/$(BUNDLE_EXECUTABLE_FOLDER_PATH)/Demo";
			};
			name = Debug;
		};
		6CD2BC90294876E10000C5F1 /* Release */ = {
			isa = XCBuildConfiguration;
			buildSettings = {
				BUNDLE_LOADER = "$(TEST_HOST)";
				CODE_SIGN_STYLE = Automatic;
				CURRENT_PROJECT_VERSION = 1;
				DEVELOPMENT_TEAM = CWL44R3T9X;
				GENERATE_INFOPLIST_FILE = YES;
				IPHONEOS_DEPLOYMENT_TARGET = 16.1;
				MARKETING_VERSION = 1.0;
				PRODUCT_BUNDLE_IDENTIFIER = com.bby.DemoTests;
				PRODUCT_NAME = "$(TARGET_NAME)";
				SWIFT_EMIT_LOC_STRINGS = NO;
				TARGETED_DEVICE_FAMILY = "1,2";
				TEST_HOST = "$(BUILT_PRODUCTS_DIR)/Demo.app/$(BUNDLE_EXECUTABLE_FOLDER_PATH)/Demo";
			};
			name = Release;
		};
		6CD2BC92294876E10000C5F1 /* Debug */ = {
			isa = XCBuildConfiguration;
			buildSettings = {
				CODE_SIGN_STYLE = Automatic;
				CURRENT_PROJECT_VERSION = 1;
				DEVELOPMENT_TEAM = CWL44R3T9X;
				GENERATE_INFOPLIST_FILE = YES;
				MARKETING_VERSION = 1.0;
				PRODUCT_BUNDLE_IDENTIFIER = com.bby.DemoUITests;
				PRODUCT_NAME = "$(TARGET_NAME)";
				SWIFT_EMIT_LOC_STRINGS = NO;
				TARGETED_DEVICE_FAMILY = "1,2";
				TEST_TARGET_NAME = Demo;
			};
			name = Debug;
		};
		6CD2BC93294876E10000C5F1 /* Release */ = {
			isa = XCBuildConfiguration;
			buildSettings = {
				CODE_SIGN_STYLE = Automatic;
				CURRENT_PROJECT_VERSION = 1;
				DEVELOPMENT_TEAM = CWL44R3T9X;
				GENERATE_INFOPLIST_FILE = YES;
				MARKETING_VERSION = 1.0;
				PRODUCT_BUNDLE_IDENTIFIER = com.bby.DemoUITests;
				PRODUCT_NAME = "$(TARGET_NAME)";
				SWIFT_EMIT_LOC_STRINGS = NO;
				TARGETED_DEVICE_FAMILY = "1,2";
				TEST_TARGET_NAME = Demo;
			};
			name = Release;
		};
/* End XCBuildConfiguration section */

/* Begin XCConfigurationList section */
		6CD2BC54294876DF0000C5F1 /* Build configuration list for PBXProject "Demo" */ = {
			isa = XCConfigurationList;
			buildConfigurations = (
				6CD2BC89294876E10000C5F1 /* Debug */,
				6CD2BC8A294876E10000C5F1 /* Release */,
			);
			defaultConfigurationIsVisible = 0;
			defaultConfigurationName = Release;
		};
		6CD2BC8B294876E10000C5F1 /* Build configuration list for PBXNativeTarget "Demo" */ = {
			isa = XCConfigurationList;
			buildConfigurations = (
				6CD2BC8C294876E10000C5F1 /* Debug */,
				6CD2BC8D294876E10000C5F1 /* Release */,
			);
			defaultConfigurationIsVisible = 0;
			defaultConfigurationName = Release;
		};
		6CD2BC8E294876E10000C5F1 /* Build configuration list for PBXNativeTarget "DemoTests" */ = {
			isa = XCConfigurationList;
			buildConfigurations = (
				6CD2BC8F294876E10000C5F1 /* Debug */,
				6CD2BC90294876E10000C5F1 /* Release */,
			);
			defaultConfigurationIsVisible = 0;
			defaultConfigurationName = Release;
		};
		6CD2BC91294876E10000C5F1 /* Build configuration list for PBXNativeTarget "DemoUITests" */ = {
			isa = XCConfigurationList;
			buildConfigurations = (
				6CD2BC92294876E10000C5F1 /* Debug */,
				6CD2BC93294876E10000C5F1 /* Release */,
			);
			defaultConfigurationIsVisible = 0;
			defaultConfigurationName = Release;
		};
/* End XCConfigurationList section */

/* Begin XCVersionGroup section */
		6CD2BC68294876DF0000C5F1 /* Demo.xcdatamodeld */ = {
			isa = XCVersionGroup;
			children = (
				6CD2BC69294876DF0000C5F1 /* Demo.xcdatamodel */,
			);
			currentVersion = 6CD2BC69294876DF0000C5F1 /* Demo.xcdatamodel */;
			path = Demo.xcdatamodeld;
			sourceTree = "<group>";
			versionGroupType = wrapper.xcdatamodel;
		};
/* End XCVersionGroup section */
	};
	rootObject = 6CD2BC51294876DF0000C5F1 /* Project object */;
}
